
Microsoft Visual Studio Solution File, Format Version 12.00
# Visual Studio Version 17
VisualStudioVersion = 17.13.35931.197
MinimumVisualStudioVersion = 10.0.40219.1
Project("{2150E333-8FDC-42A3-9474-1A3956D46DE8}") = "Src", "Src", "{02EA681E-C7D8-13C7-8484-4AC65E1B71E8}"
EndProject
Project("{2150E333-8FDC-42A3-9474-1A3956D46DE8}") = "Test", "Test", "{33DC4582-2682-47E8-91A3-04A5C93905BE}"
EndProject
Project("{2150E333-8FDC-42A3-9474-1A3956D46DE8}") = "Docs", "Docs", "{E1BD8199-1F2B-48F5-8823-A9B06F38B476}"
	ProjectSection(SolutionItems) = preProject
		Coding Challeng.txt = Coding Challeng.txt
		Docs\How To Run Project.md = Docs\How To Run Project.md
		How To.txt = How To.txt
		README.md = README.md
	EndProjectSection
EndProject
Project("{2150E333-8FDC-42A3-9474-1A3956D46DE8}") = "Presentation", "Presentation", "{A45CA7BE-7A47-4DA3-A9DD-CF5E6A023D9F}"
EndProject
Project("{2150E333-8FDC-42A3-9474-1A3956D46DE8}") = "Ui", "Ui", "{65786658-996E-4207-8815-D0D43D855177}"
EndProject
Project("{2150E333-8FDC-42A3-9474-1A3956D46DE8}") = "Core", "Core", "{51AEF77A-0105-4065-904C-984286CBE1DB}"
EndProject
Project("{2150E333-8FDC-42A3-9474-1A3956D46DE8}") = "Infrastructure", "Infrastructure", "{D85F5869-6E35-4D45-B5B9-26A3087BA263}"
EndProject
Project("{FAE04EC0-301F-11D3-BF4B-00C04F79EFBC}") = "CoffeeBeansDemo.Api", "Src\Presentation\CoffeeBeansDemo.Api\CoffeeBeansDemo.Api.csproj", "{CC25F22B-E8E2-D941-54CC-1CD8B6B7F0F6}"
EndProject
Project("{FAE04EC0-301F-11D3-BF4B-00C04F79EFBC}") = "CoffeeBeansDemo.Application", "Src\Core\CoffeeBeansDemo.Application\CoffeeBeansDemo.Application.csproj", "{415D1B11-1365-D5AB-01AD-76C9F23D0A5A}"
EndProject
Project("{FAE04EC0-301F-11D3-BF4B-00C04F79EFBC}") = "CoffeeBeansDemo.Domain", "Src\Core\CoffeeBeansDemo.Domain\CoffeeBeansDemo.Domain.csproj", "{0D3ACF81-F259-9C83-E66F-50089B7A6C7C}"
EndProject
Project("{FAE04EC0-301F-11D3-BF4B-00C04F79EFBC}") = "CoffeeBeansDemo.Infrastructure", "Src\Infrastructure\CoffeeBeansDemo.Infrastructure\CoffeeBeansDemo.Infrastructure.csproj", "{DBCE0EBB-C695-4A72-B718-FF99C7D5A260}"
EndProject
Project("{FAE04EC0-301F-11D3-BF4B-00C04F79EFBC}") = "CoffeeBeansDemo.Persistence", "Src\Infrastructure\CoffeeBeansDemo.Persistence\CoffeeBeansDemo.Persistence.csproj", "{F7471AE9-984C-4137-BCE9-8FB50EF7A320}"
EndProject
Project("{FAE04EC0-301F-11D3-BF4B-00C04F79EFBC}") = "CoffeeBeansDemoUnitTest", "Test\CoffeeBeansDemoTest\CoffeeBeansDemoUnitTest.csproj", "{217CDA60-ACBB-4D1A-AE76-E44D743B1C84}"
EndProject
Project("{E24C65DC-7377-472B-9ABA-BC803B73C61A}") = "coffee-beans-demo", "Src\Presentation\Ui\coffee-beans-demo\", "{E56949BB-3977-895D-18AB-646339D2E41E}"
	ProjectSection(WebsiteProperties) = preProject
		TargetFrameworkMoniker = ".NETFramework,Version%3Dv4.8"
		Debug.AspNetCompiler.VirtualPath = "/localhost_54987"
		Debug.AspNetCompiler.PhysicalPath = "Src\Presentation\Ui\coffee-beans-demo\"
		Debug.AspNetCompiler.TargetPath = "PrecompiledWeb\localhost_54987\"
		Debug.AspNetCompiler.Updateable = "true"
		Debug.AspNetCompiler.ForceOverwrite = "true"
		Debug.AspNetCompiler.FixedNames = "false"
		Debug.AspNetCompiler.Debug = "True"
		Release.AspNetCompiler.VirtualPath = "/localhost_54987"
		Release.AspNetCompiler.PhysicalPath = "Src\Presentation\Ui\coffee-beans-demo\"
		Release.AspNetCompiler.TargetPath = "PrecompiledWeb\localhost_54987\"
		Release.AspNetCompiler.Updateable = "true"
		Release.AspNetCompiler.ForceOverwrite = "true"
		Release.AspNetCompiler.FixedNames = "false"
		Release.AspNetCompiler.Debug = "False"
		VWDPort = "54987"
		SlnRelativePath = "Src\Presentation\Ui\coffee-beans-demo\"
	EndProjectSection
EndProject
Global
	GlobalSection(SolutionConfigurationPlatforms) = preSolution
		Debug|Any CPU = Debug|Any CPU
		Release|Any CPU = Release|Any CPU
	EndGlobalSection
	GlobalSection(ProjectConfigurationPlatforms) = postSolution
		{CC25F22B-E8E2-D941-54CC-1CD8B6B7F0F6}.Debug|Any CPU.ActiveCfg = Debug|Any CPU
		{CC25F22B-E8E2-D941-54CC-1CD8B6B7F0F6}.Debug|Any CPU.Build.0 = Debug|Any CPU
		{CC25F22B-E8E2-D941-54CC-1CD8B6B7F0F6}.Release|Any CPU.ActiveCfg = Release|Any CPU
		{CC25F22B-E8E2-D941-54CC-1CD8B6B7F0F6}.Release|Any CPU.Build.0 = Release|Any CPU
		{415D1B11-1365-D5AB-01AD-76C9F23D0A5A}.Debug|Any CPU.ActiveCfg = Debug|Any CPU
		{415D1B11-1365-D5AB-01AD-76C9F23D0A5A}.Debug|Any CPU.Build.0 = Debug|Any CPU
		{415D1B11-1365-D5AB-01AD-76C9F23D0A5A}.Release|Any CPU.ActiveCfg = Release|Any CPU
		{415D1B11-1365-D5AB-01AD-76C9F23D0A5A}.Release|Any CPU.Build.0 = Release|Any CPU
		{0D3ACF81-F259-9C83-E66F-50089B7A6C7C}.Debug|Any CPU.ActiveCfg = Debug|Any CPU
		{0D3ACF81-F259-9C83-E66F-50089B7A6C7C}.Debug|Any CPU.Build.0 = Debug|Any CPU
		{0D3ACF81-F259-9C83-E66F-50089B7A6C7C}.Release|Any CPU.ActiveCfg = Release|Any CPU
		{0D3ACF81-F259-9C83-E66F-50089B7A6C7C}.Release|Any CPU.Build.0 = Release|Any CPU
		{DBCE0EBB-C695-4A72-B718-FF99C7D5A260}.Debug|Any CPU.ActiveCfg = Debug|Any CPU
		{DBCE0EBB-C695-4A72-B718-FF99C7D5A260}.Debug|Any CPU.Build.0 = Debug|Any CPU
		{DBCE0EBB-C695-4A72-B718-FF99C7D5A260}.Release|Any CPU.ActiveCfg = Release|Any CPU
		{DBCE0EBB-C695-4A72-B718-FF99C7D5A260}.Release|Any CPU.Build.0 = Release|Any CPU
		{F7471AE9-984C-4137-BCE9-8FB50EF7A320}.Debug|Any CPU.ActiveCfg = Debug|Any CPU
		{F7471AE9-984C-4137-BCE9-8FB50EF7A320}.Debug|Any CPU.Build.0 = Debug|Any CPU
		{F7471AE9-984C-4137-BCE9-8FB50EF7A320}.Release|Any CPU.ActiveCfg = Release|Any CPU
		{F7471AE9-984C-4137-BCE9-8FB50EF7A320}.Release|Any CPU.Build.0 = Release|Any CPU
		{217CDA60-ACBB-4D1A-AE76-E44D743B1C84}.Debug|Any CPU.ActiveCfg = Debug|Any CPU
		{217CDA60-ACBB-4D1A-AE76-E44D743B1C84}.Debug|Any CPU.Build.0 = Debug|Any CPU
		{217CDA60-ACBB-4D1A-AE76-E44D743B1C84}.Release|Any CPU.ActiveCfg = Release|Any CPU
		{217CDA60-ACBB-4D1A-AE76-E44D743B1C84}.Release|Any CPU.Build.0 = Release|Any CPU
		{E56949BB-3977-895D-18AB-646339D2E41E}.Debug|Any CPU.ActiveCfg = Debug|Any CPU
		{E56949BB-3977-895D-18AB-646339D2E41E}.Debug|Any CPU.Build.0 = Debug|Any CPU
		{E56949BB-3977-895D-18AB-646339D2E41E}.Release|Any CPU.ActiveCfg = Debug|Any CPU
		{E56949BB-3977-895D-18AB-646339D2E41E}.Release|Any CPU.Build.0 = Debug|Any CPU
	EndGlobalSection
	GlobalSection(SolutionProperties) = preSolution
		HideSolutionNode = FALSE
	EndGlobalSection
	GlobalSection(NestedProjects) = preSolution
		{A45CA7BE-7A47-4DA3-A9DD-CF5E6A023D9F} = {02EA681E-C7D8-13C7-8484-4AC65E1B71E8}
		{65786658-996E-4207-8815-D0D43D855177} = {A45CA7BE-7A47-4DA3-A9DD-CF5E6A023D9F}
		{51AEF77A-0105-4065-904C-984286CBE1DB} = {02EA681E-C7D8-13C7-8484-4AC65E1B71E8}
		{D85F5869-6E35-4D45-B5B9-26A3087BA263} = {02EA681E-C7D8-13C7-8484-4AC65E1B71E8}
		{CC25F22B-E8E2-D941-54CC-1CD8B6B7F0F6} = {A45CA7BE-7A47-4DA3-A9DD-CF5E6A023D9F}
		{415D1B11-1365-D5AB-01AD-76C9F23D0A5A} = {51AEF77A-0105-4065-904C-984286CBE1DB}
		{0D3ACF81-F259-9C83-E66F-50089B7A6C7C} = {51AEF77A-0105-4065-904C-984286CBE1DB}
		{DBCE0EBB-C695-4A72-B718-FF99C7D5A260} = {D85F5869-6E35-4D45-B5B9-26A3087BA263}
		{F7471AE9-984C-4137-BCE9-8FB50EF7A320} = {D85F5869-6E35-4D45-B5B9-26A3087BA263}
		{217CDA60-ACBB-4D1A-AE76-E44D743B1C84} = {33DC4582-2682-47E8-91A3-04A5C93905BE}
		{E56949BB-3977-895D-18AB-646339D2E41E} = {65786658-996E-4207-8815-D0D43D855177}
	EndGlobalSection
	GlobalSection(ExtensibilityGlobals) = postSolution
		SolutionGuid = {C9BC23AE-D6B5-4B80-810C-DC3F429957DC}
	EndGlobalSection
EndGlobal
